PODS:
  - file_preview (0.0.1):
    - Flutter
  - Flutter (1.0.0)

DEPENDENCIES:
  - file_preview (from `.symlinks/plugins/file_preview/ios`)
  - Flutter (from `.symlinks/flutter/ios`)

EXTERNAL SOURCES:
  file_preview:
    :path: ".symlinks/plugins/file_preview/ios"
  Flutter:
    :path: ".symlinks/flutter/ios"

SPEC CHECKSUMS:
  file_preview: fe9f9a9158e0a0b54b7895d25f56689772bdfb79
  Flutter: 9d0fac939486c9aba2809b7982dfdbb47a7b0296

PODFILE CHECKSUM: 1e5af4103afd21ca5ead147d7b81d06f494f51a2

COCOAPODS: 1.5.3
